
Microsoft Visual Studio Solution File, Format Version 12.00
# Visual Studio Version 16
VisualStudioVersion = 16.0.29503.13
MinimumVisualStudioVersion = 10.0.40219.1
Project("{FAE04EC0-301F-11D3-BF4B-00C04F79EFBC}") = "MyMPEC", "MyMPEC\MyMPEC.csproj", "{28EC4F7A-A557-49D7-AD51-6E7432F4734D}"
EndProject
Global
	GlobalSection(SolutionConfigurationPlatforms) = preSolution
		Debug|Any CPU = Debug|Any CPU
		Release|Any CPU = Release|Any CPU
	EndGlobalSection
	GlobalSection(ProjectConfigurationPlatforms) = postSolution
		{28EC4F7A-A557-49D7-AD51-6E7432F4734D}.Debug|Any CPU.ActiveCfg = Debug|Any CPU
		{28EC4F7A-A557-49D7-AD51-6E7432F4734D}.Debug|Any CPU.Build.0 = Debug|Any CPU
		{28EC4F7A-A557-49D7-AD51-6E7432F4734D}.Debug|Any CPU.Deploy.0 = Debug|Any CPU
		{28EC4F7A-A557-49D7-AD51-6E7432F4734D}.Release|Any CPU.ActiveCfg = Release|Any CPU
		{28EC4F7A-A557-49D7-AD51-6E7432F4734D}.Release|Any CPU.Build.0 = Release|Any CPU
		{28EC4F7A-A557-49D7-AD51-6E7432F4734D}.Release|Any CPU.Deploy.0 = Release|Any CPU
	EndGlobalSection
	GlobalSection(SolutionProperties) = preSolution
		HideSolutionNode = FALSE
	EndGlobalSection
	GlobalSection(ExtensibilityGlobals) = postSolution
		SolutionGuid = {70301C99-420B-446D-82FE-7906CE3ECAFE}
	EndGlobalSection
EndGlobal
